
Microsoft Visual Studio Solution File, Format Version 12.00
# Visual Studio Version 16
VisualStudioVersion = 16.0.34601.136
MinimumVisualStudioVersion = 10.0.40219.1
Project("{FAE04EC0-301F-11D3-BF4B-00C04F79EFBC}") = "my_web_app_git", "my_web_app_git\my_web_app_git.csproj", "{8372275D-CC80-4C86-BD07-7A09C176A65C}"
EndProject
Global
	GlobalSection(SolutionConfigurationPlatforms) = preSolution
		Debug|Any CPU = Debug|Any CPU
		Release|Any CPU = Release|Any CPU
	EndGlobalSection
	GlobalSection(ProjectConfigurationPlatforms) = postSolution
		{8372275D-CC80-4C86-BD07-7A09C176A65C}.Debug|Any CPU.ActiveCfg = Debug|Any CPU
		{8372275D-CC80-4C86-BD07-7A09C176A65C}.Debug|Any CPU.Build.0 = Debug|Any CPU
		{8372275D-CC80-4C86-BD07-7A09C176A65C}.Release|Any CPU.ActiveCfg = Release|Any CPU
		{8372275D-CC80-4C86-BD07-7A09C176A65C}.Release|Any CPU.Build.0 = Release|Any CPU
	EndGlobalSection
	GlobalSection(SolutionProperties) = preSolution
		HideSolutionNode = FALSE
	EndGlobalSection
	GlobalSection(ExtensibilityGlobals) = postSolution
		SolutionGuid = {1799AFE1-EB46-4B06-87A4-4A1ADAD18F00}
	EndGlobalSection
EndGlobal
